// This lockfile was autogenerated by Pants. To regenerate, run:
//
//    pants generate-lockfiles --resolve=mypy
//
// --- BEGIN PANTS LOCKFILE METADATA: DO NOT EDIT OR REMOVE ---
// {
//   "version": 3,
//   "valid_for_interpreter_constraints": [
//     "CPython==3.11.*"
//   ],
//   "generated_with_requirements": [
//     "mypy>=1.11.1",
//     "pydantic>=2.5.2"
//   ],
//   "manylinux": "manylinux2014",
//   "requirement_constraints": [],
//   "only_binary": [],
//   "no_binary": []
// }
// --- END PANTS LOCKFILE METADATA ---

{
  "allow_builds": true,
  "allow_prereleases": false,
  "allow_wheels": true,
  "build_isolation": true,
  "constraints": [],
  "elide_unused_requires_dist": false,
  "excluded": [],
  "locked_resolves": [
    {
      "locked_requirements": [
        {
          "artifacts": [
            {
              "algorithm": "sha256",
              "hash": "1f02e8b43a8fbbc3f3e0d4f0f4bfc8131bcb4eebe8849b8e5c773f3a1c582a53",
              "url": "https://files.pythonhosted.org/packages/78/b6/6307fbef88d9b5ee7421e68d78a9f162e0da4900bc5f5793f6d3d0e34fb8/annotated_types-0.7.0-py3-none-any.whl"
            },
            {
              "algorithm": "sha256",
              "hash": "aff07c09a53a08bc8cfccb9c85b05f1aa9a2a6f23728d790723543408344ce89",
              "url": "https://files.pythonhosted.org/packages/ee/67/531ea369ba64dcff5ec9c3402f9f51bf748cec26dde048a2f973a4eea7f5/annotated_types-0.7.0.tar.gz"
            }
          ],
          "project_name": "annotated-types",
          "requires_dists": [
            "typing-extensions>=4.0.0; python_version < \"3.9\""
          ],
          "requires_python": ">=3.8",
          "version": "0.7.0"
        },
        {
          "artifacts": [
            {
              "algorithm": "sha256",
              "hash": "ed028fc3d41adda916320712838aec289956c89b4f0a361ceadf83a53b4c047a",
              "url": "https://files.pythonhosted.org/packages/42/54/0578a78b587e5aa22486af34239a052c6366835b55fc307bc64380229e3f/librt-0.7.3-cp311-cp311-musllinux_1_2_x86_64.whl"
            },
            {
              "algorithm": "sha256",
              "hash": "e32d43610dff472eab939f4d7fbdd240d1667794192690433672ae22d7af8445",
              "url": "https://files.pythonhosted.org/packages/20/aa/1e0a7aba15e78529dd21f233076b876ee58c8b8711b1793315bdd3b263b0/librt-0.7.3-cp311-cp311-manylinux2014_aarch64.manylinux_2_17_aarch64.manylinux_2_28_aarch64.whl"
            },
            {
              "algorithm": "sha256",
              "hash": "687403cced6a29590e6be6964463835315905221d797bc5c934a98750fe1a9af",
              "url": "https://files.pythonhosted.org/packages/21/e6/f6391f5c6f158d31ed9af6bd1b1bcd3ffafdea1d816bc4219d0d90175a7f/librt-0.7.3-cp311-cp311-macosx_10_9_x86_64.whl"
            },
            {
              "algorithm": "sha256",
              "hash": "6488e69d408b492e08bfb68f20c4a899a354b4386a446ecd490baff8d0862720",
              "url": "https://files.pythonhosted.org/packages/35/89/51cd73006232981a3106d4081fbaa584ac4e27b49bc02266468d3919db03/librt-0.7.3-cp311-cp311-musllinux_1_2_i686.whl"
            },
            {
              "algorithm": "sha256",
              "hash": "adeaa886d607fb02563c1f625cf2ee58778a2567c0c109378da8f17ec3076ad7",
              "url": "https://files.pythonhosted.org/packages/69/46/3cfa325c1c2bc25775ec6ec1718cfbec9cff4ac767d37d2d3a2d1cc6f02c/librt-0.7.3-cp311-cp311-manylinux2014_x86_64.manylinux_2_17_x86_64.manylinux_2_28_x86_64.whl"
            },
            {
              "algorithm": "sha256",
              "hash": "572a24fc5958c61431da456a0ef1eeea6b4989d81eeb18b8e5f1f3077592200b",
              "url": "https://files.pythonhosted.org/packages/99/bb/e4553433d7ac47f4c75d0a7e59b13aee0e08e88ceadbee356527a9629b0a/librt-0.7.3-cp311-cp311-musllinux_1_2_aarch64.whl"
            },
            {
              "algorithm": "sha256",
              "hash": "24d70810f6e2ea853ff79338001533716b373cc0f63e2a0be5bc96129edb5fb5",
              "url": "https://files.pythonhosted.org/packages/ab/1b/53c208188c178987c081560a0fcf36f5ca500d5e21769596c845ef2f40d4/librt-0.7.3-cp311-cp311-macosx_11_0_arm64.whl"
            },
            {
              "algorithm": "sha256",
              "hash": "3ec50cf65235ff5c02c5b747748d9222e564ad48597122a361269dd3aa808798",
              "url": "https://files.pythonhosted.org/packages/b3/d9/6f3d3fcf5e5543ed8a60cc70fa7d50508ed60b8a10e9af6d2058159ab54e/librt-0.7.3.tar.gz"
            },
            {
              "algorithm": "sha256",
              "hash": "bf8c7735fbfc0754111f00edda35cf9e98a8d478de6c47b04eaa9cef4300eaa7",
              "url": "https://files.pythonhosted.org/packages/cb/5c/d9da832b9a1e5f8366e8a044ec80217945385b26cb89fd6f94bfdc7d80b0/librt-0.7.3-cp311-cp311-manylinux1_i686.manylinux_2_28_i686.manylinux_2_5_i686.whl"
            }
          ],
          "project_name": "librt",
          "requires_dists": [],
          "requires_python": ">=3.9",
          "version": "0.7.3"
        },
        {
          "artifacts": [
            {
              "algorithm": "sha256",
              "hash": "0c01c99d626380752e527d5ce8e69ffbba2046eb8a060db0329690849cf9b6f9",
              "url": "https://files.pythonhosted.org/packages/09/0e/fe228ed5aeab470c6f4eb82481837fadb642a5aa95cc8215fd2214822c10/mypy-1.19.0-py3-none-any.whl"
            },
            {
              "algorithm": "sha256",
              "hash": "a31e4c28e8ddb042c84c5e977e28a21195d086aaffaf08b016b78e19c9ef8106",
              "url": "https://files.pythonhosted.org/packages/0f/d2/010fb171ae5ac4a01cc34fbacd7544531e5ace95c35ca166dd8fd1b901d0/mypy-1.19.0-cp311-cp311-macosx_10_9_x86_64.whl"
            },
            {
              "algorithm": "sha256",
              "hash": "34ec1ac66d31644f194b7c163d7f8b8434f1b49719d403a5d26c87fff7e913f7",
              "url": "https://files.pythonhosted.org/packages/41/6b/63f095c9f1ce584fdeb595d663d49e0980c735a1d2004720ccec252c5d47/mypy-1.19.0-cp311-cp311-macosx_11_0_arm64.whl"
            },
            {
              "algorithm": "sha256",
              "hash": "7a500ab5c444268a70565e374fc803972bfd1f09545b13418a5174e29883dab7",
              "url": "https://files.pythonhosted.org/packages/4e/51/d2beaca7c497944b07594f3f8aad8d2f0e8fc53677059848ae5d6f4d193e/mypy-1.19.0-cp311-cp311-musllinux_1_2_x86_64.whl"
            },
            {
              "algorithm": "sha256",
              "hash": "120cffe120cca5c23c03c77f84abc0c14c5d2e03736f6c312480020082f1994b",
              "url": "https://files.pythonhosted.org/packages/99/db/d217815705987d2cbace2edd9100926196d6f85bcb9b5af05058d6e3c8ad/mypy-1.19.0-cp311-cp311-manylinux2014_x86_64.manylinux_2_17_x86_64.manylinux_2_28_x86_64.whl"
            },
            {
              "algorithm": "sha256",
              "hash": "cb64b0ba5980466a0f3f9990d1c582bcab8db12e29815ecb57f1408d99b4bff7",
              "url": "https://files.pythonhosted.org/packages/d7/83/6cb93d289038d809023ec20eb0b48bbb1d80af40511fa077da78af6ff7c7/mypy-1.19.0-cp311-cp311-manylinux2014_aarch64.manylinux_2_17_aarch64.manylinux_2_28_aarch64.whl"
            },
            {
              "algorithm": "sha256",
              "hash": "f6b874ca77f733222641e5c46e4711648c4037ea13646fd0cdc814c2eaec2528",
              "url": "https://files.pythonhosted.org/packages/f9/b5/b58cdc25fadd424552804bf410855d52324183112aa004f0732c5f6324cf/mypy-1.19.0.tar.gz"
            }
          ],
          "project_name": "mypy",
          "requires_dists": [
            "librt>=0.6.2",
            "lxml; extra == \"reports\"",
            "mypy_extensions>=1.0.0",
            "orjson; extra == \"faster-cache\"",
            "pathspec>=0.9.0",
            "pip; extra == \"install-types\"",
            "psutil>=4.0; extra == \"dmypy\"",
            "setuptools>=50; extra == \"mypyc\"",
            "tomli>=1.1.0; python_version < \"3.11\"",
            "typing_extensions>=4.6.0"
          ],
          "requires_python": ">=3.9",
          "version": "1.19.0"
        },
        {
          "artifacts": [
            {
              "algorithm": "sha256",
              "hash": "1be4cccdb0f2482337c4743e60421de3a356cd97508abadd57d47403e94f5505",
              "url": "https://files.pythonhosted.org/packages/79/7b/2c79738432f5c924bef5071f933bcc9efd0473bac3b4aa584a6f7c1c8df8/mypy_extensions-1.1.0-py3-none-any.whl"
            },
            {
              "algorithm": "sha256",
              "hash": "52e68efc3284861e772bbcd66823fde5ae21fd2fdb51c62a211403730b916558",
              "url": "https://files.pythonhosted.org/packages/a2/6e/371856a3fb9d31ca8dac321cda606860fa4548858c0cc45d9d1d4ca2628b/mypy_extensions-1.1.0.tar.gz"
            }
          ],
          "project_name": "mypy-extensions",
          "requires_dists": [],
          "requires_python": ">=3.8",
          "version": "1.1.0"
        },
        {
          "artifacts": [
            {
              "algorithm": "sha256",
              "hash": "a0d503e138a4c123b27490a4f7beda6a01c6f288df0e4a8b79c7eb0dc7b4cc08",
              "url": "https://files.pythonhosted.org/packages/cc/20/ff623b09d963f88bfde16306a54e12ee5ea43e9b597108672ff3a408aad6/pathspec-0.12.1-py3-none-any.whl"
            },
            {
              "algorithm": "sha256",
              "hash": "a482d51503a1ab33b1c67a6c3813a26953dbdc71c31dacaef9a838c4e29f5712",
              "url": "https://files.pythonhosted.org/packages/ca/bc/f35b8446f4531a7cb215605d100cd88b7ac6f44ab3fc94870c120ab3adbf/pathspec-0.12.1.tar.gz"
            }
          ],
          "project_name": "pathspec",
          "requires_dists": [],
          "requires_python": ">=3.8",
          "version": "0.12.1"
        },
        {
          "artifacts": [
            {
              "algorithm": "sha256",
              "hash": "e561593fccf61e8a20fc46dfc2dfe075b8be7d0188df33f221ad1f0139180f9d",
              "url": "https://files.pythonhosted.org/packages/5a/87/b70ad306ebb6f9b585f114d0ac2137d792b48be34d732d60e597c2f8465a/pydantic-2.12.5-py3-none-any.whl"
            },
            {
              "algorithm": "sha256",
              "hash": "4d351024c75c0f085a9febbb665ce8c0c6ec5d30e903bdb6394b7ede26aebb49",
              "url": "https://files.pythonhosted.org/packages/69/44/36f1a6e523abc58ae5f928898e4aca2e0ea509b5aa6f6f392a5d882be928/pydantic-2.12.5.tar.gz"
            }
          ],
          "project_name": "pydantic",
          "requires_dists": [
            "annotated-types>=0.6.0",
            "email-validator>=2.0.0; extra == \"email\"",
            "pydantic-core==2.41.5",
            "typing-extensions>=4.14.1",
            "typing-inspection>=0.4.2",
            "tzdata; (python_version >= \"3.9\" and platform_system == \"Windows\") and extra == \"timezone\""
          ],
          "requires_python": ">=3.9",
          "version": "2.12.5"
        },
        {
          "artifacts": [
            {
              "algorithm": "sha256",
              "hash": "f14f8f046c14563f8eb3f45f499cc658ab8d10072961e07225e507adb700e93f",
              "url": "https://files.pythonhosted.org/packages/88/9d/b06ca6acfe4abb296110fb1273a4d848a0bfb2ff65f3ee92127b3244e16b/pydantic_core-2.41.5-pp311-pypy311_pp73-musllinux_1_1_x86_64.whl"
            },
            {
              "algorithm": "sha256",
              "hash": "7f3bf998340c6d4b0c9a2f02d6a400e51f123b59565d74dc60d252ce888c260b",
              "url": "https://files.pythonhosted.org/packages/12/44/37e403fd9455708b3b942949e1d7febc02167662bf1a7da5b78ee1ea2842/pydantic_core-2.41.5-cp311-cp311-macosx_11_0_arm64.whl"
            },
            {
              "algorithm": "sha256",
              "hash": "a668ce24de96165bb239160b3d854943128f4334822900534f2fe947930e5770",
              "url": "https://files.pythonhosted.org/packages/1f/f2/f11dd73284122713f5f89fc940f370d035fa8e1e078d446b3313955157fe/pydantic_core-2.41.5-pp311-pypy311_pp73-musllinux_1_1_armv7l.whl"
            },
            {
              "algorithm": "sha256",
              "hash": "378bec5c66998815d224c9ca994f1e14c0c21cb95d2f52b6021cc0b2a58f2a5a",
              "url": "https://files.pythonhosted.org/packages/33/7f/1d5cab3ccf44c1935a359d51a8a2a9e1a654b744b5e7f80d41b88d501eec/pydantic_core-2.41.5-cp311-cp311-manylinux_2_17_aarch64.manylinux2014_aarch64.whl"
            },
            {
              "algorithm": "sha256",
              "hash": "6cb58b9c66f7e4179a2d5e0f849c48eff5c1fca560994d6eb6543abf955a149e",
              "url": "https://files.pythonhosted.org/packages/50/be/76e5d46203fcb2750e542f32e6c371ffa9b8ad17364cf94bb0818dbfb50c/pydantic_core-2.41.5-cp311-cp311-manylinux_2_17_ppc64le.manylinux2014_ppc64le.whl"
            },
            {
              "algorithm": "sha256",
              "hash": "03b77d184b9eb40240ae9fd676ca364ce1085f203e1b1256f8ab9984dca80a84",
              "url": "https://files.pythonhosted.org/packages/55/4c/162d906b8e3ba3a99354e20faa1b49a85206c47de97a639510a0e673f5da/pydantic_core-2.41.5-pp311-pypy311_pp73-musllinux_1_1_aarch64.whl"
            },
            {
              "algorithm": "sha256",
              "hash": "34a64bc3441dc1213096a20fe27e8e128bd3ff89921706e83c0b1ac971276594",
              "url": "https://files.pythonhosted.org/packages/58/7f/0de669bf37d206723795f9c90c82966726a2ab06c336deba4735b55af431/pydantic_core-2.41.5-cp311-cp311-musllinux_1_1_armv7l.whl"
            },
            {
              "algorithm": "sha256",
              "hash": "b2379fa7ed44ddecb5bfe4e48577d752db9fc10be00a6b7446e9663ba143de26",
              "url": "https://files.pythonhosted.org/packages/5f/9b/1b3f0e9f9305839d7e84912f9e8bfbd191ed1b1ef48083609f0dabde978c/pydantic_core-2.41.5-pp311-pypy311_pp73-macosx_10_12_x86_64.whl"
            },
            {
              "algorithm": "sha256",
              "hash": "e7b576130c69225432866fe2f4a469a85a54ade141d96fd396dffcf607b558f8",
              "url": "https://files.pythonhosted.org/packages/6e/6a/30d94a9674a7fe4f4744052ed6c5e083424510be1e93da5bc47569d11810/pydantic_core-2.41.5-cp311-cp311-manylinux_2_17_armv7l.manylinux2014_armv7l.whl"
            },
            {
              "algorithm": "sha256",
              "hash": "08daa51ea16ad373ffd5e7606252cc32f07bc72b28284b6bc9c6df804816476e",
              "url": "https://files.pythonhosted.org/packages/71/70/23b021c950c2addd24ec408e9ab05d59b035b39d97cdc1130e1bce647bb6/pydantic_core-2.41.5.tar.gz"
            },
            {
              "algorithm": "sha256",
              "hash": "287dad91cfb551c363dc62899a80e9e14da1f0e2b6ebde82c806612ca2a13ef1",
              "url": "https://files.pythonhosted.org/packages/83/d9/8412d7f06f616bbc053d30cb4e5f76786af3221462ad5eee1f202021eb4e/pydantic_core-2.41.5-pp311-pypy311_pp73-manylinux_2_5_i686.manylinux1_i686.whl"
            },
            {
              "algorithm": "sha256",
              "hash": "266fb4cbf5e3cbd0b53669a6d1b039c45e3ce651fd5442eff4d07c2cc8d66808",
              "url": "https://files.pythonhosted.org/packages/a4/ed/d71fefcb4263df0da6a85b5d8a7508360f2f2e9b3bf5814be9c8bccdccc1/pydantic_core-2.41.5-pp311-pypy311_pp73-macosx_11_0_arm64.whl"
            },
            {
              "algorithm": "sha256",
              "hash": "c1df3d34aced70add6f867a8cf413e299177e0c22660cc767218373d0779487b",
              "url": "https://files.pythonhosted.org/packages/b0/3b/698cf8ae1d536a010e05121b4958b1257f0b5522085e335360e53a6b1c8b/pydantic_core-2.41.5-cp311-cp311-manylinux_2_5_i686.manylinux1_i686.whl"
            },
            {
              "algorithm": "sha256",
              "hash": "4009935984bd36bd2c774e13f9a09563ce8de4abaa7226f5108262fa3e637284",
              "url": "https://files.pythonhosted.org/packages/b8/ba/15d537423939553116dea94ce02f9c31be0fa9d0b806d427e0308ec17145/pydantic_core-2.41.5-cp311-cp311-musllinux_1_1_aarch64.whl"
            },
            {
              "algorithm": "sha256",
              "hash": "f31d95a179f8d64d90f6831d71fa93290893a33148d890ba15de25642c5d075b",
              "url": "https://files.pythonhosted.org/packages/c8/be/8fed28dd0a180dca19e72c233cbf58efa36df055e5b9d90d64fd1740b828/pydantic_core-2.41.5-cp311-cp311-manylinux_2_17_x86_64.manylinux2014_x86_64.whl"
            },
            {
              "algorithm": "sha256",
              "hash": "58133647260ea01e4d0500089a8c4f07bd7aa6ce109682b1426394988d8aaacc",
              "url": "https://files.pythonhosted.org/packages/ce/3a/626b38db460d675f873e4444b4bb030453bbe7b4ba55df821d026a0493c4/pydantic_core-2.41.5-pp311-pypy311_pp73-manylinux_2_17_x86_64.manylinux2014_x86_64.whl"
            },
            {
              "algorithm": "sha256",
              "hash": "88942d3a3dff3afc8288c21e565e476fc278902ae4d6d134f1eeda118cc830b1",
              "url": "https://files.pythonhosted.org/packages/d3/ee/fed784df0144793489f87db310a6bbf8118d7b630ed07aa180d6067e653a/pydantic_core-2.41.5-cp311-cp311-manylinux_2_17_s390x.manylinux2014_s390x.whl"
            },
            {
              "algorithm": "sha256",
              "hash": "c9e19dd6e28fdcaa5a1de679aec4141f691023916427ef9bae8584f9c2fb3b0e",
              "url": "https://files.pythonhosted.org/packages/e5/de/e7482c435b83d7e3c3ee5ee4451f6e8973cff0eb6007d2872ce6383f6398/pydantic_core-2.41.5-cp311-cp311-musllinux_1_1_x86_64.whl"
            },
            {
              "algorithm": "sha256",
              "hash": "a3a52f6156e73e7ccb0f8cced536adccb7042be67cb45f9562e12b319c119da6",
              "url": "https://files.pythonhosted.org/packages/e8/72/74a989dd9f2084b3d9530b0915fdda64ac48831c30dbf7c72a41a5232db8/pydantic_core-2.41.5-cp311-cp311-macosx_10_12_x86_64.whl"
            }
          ],
          "project_name": "pydantic-core",
          "requires_dists": [
            "typing-extensions>=4.14.1"
          ],
          "requires_python": ">=3.9",
          "version": "2.41.5"
        },
        {
          "artifacts": [
            {
              "algorithm": "sha256",
              "hash": "f0fa19c6845758ab08074a0cfa8b7aecb71c999ca73d62883bc25cc018c4e548",
              "url": "https://files.pythonhosted.org/packages/18/67/36e9267722cc04a6b9f15c7f3441c2363321a3ea07da7ae0c0707beb2a9c/typing_extensions-4.15.0-py3-none-any.whl"
            },
            {
              "algorithm": "sha256",
              "hash": "0cea48d173cc12fa28ecabc3b837ea3cf6f38c6d1136f85cbaaf598984861466",
              "url": "https://files.pythonhosted.org/packages/72/94/1a15dd82efb362ac84269196e94cf00f187f7ed21c242792a923cdb1c61f/typing_extensions-4.15.0.tar.gz"
            }
          ],
          "project_name": "typing-extensions",
          "requires_dists": [],
          "requires_python": ">=3.9",
          "version": "4.15.0"
        },
        {
          "artifacts": [
            {
              "algorithm": "sha256",
              "hash": "4ed1cacbdc298c220f1bd249ed5287caa16f34d44ef4e9c3d0cbad5b521545e7",
              "url": "https://files.pythonhosted.org/packages/dc/9b/47798a6c91d8bdb567fe2698fe81e0c6b7cb7ef4d13da4114b41d239f65d/typing_inspection-0.4.2-py3-none-any.whl"
            },
            {
              "algorithm": "sha256",
              "hash": "ba561c48a67c5958007083d386c3295464928b01faa735ab8547c5692e87f464",
              "url": "https://files.pythonhosted.org/packages/55/e3/70399cb7dd41c10ac53367ae42139cf4b1ca5f36bb3dc6c9d33acdb43655/typing_inspection-0.4.2.tar.gz"
            }
          ],
          "project_name": "typing-inspection",
          "requires_dists": [
            "typing-extensions>=4.12.0"
          ],
          "requires_python": ">=3.9",
          "version": "0.4.2"
        }
      ],
      "platform_tag": null
    }
  ],
  "only_builds": [],
  "only_wheels": [],
  "overridden": [],
  "path_mappings": {},
  "pex_version": "2.37.0",
  "pip_version": "24.2",
  "prefer_older_binary": false,
  "requirements": [
    "mypy>=1.11.1",
    "pydantic>=2.5.2"
  ],
  "requires_python": [
    "==3.11.*"
  ],
  "resolver_version": "pip-2020-resolver",
  "style": "universal",
  "target_systems": [
    "linux",
    "mac"
  ],
  "transitive": true,
  "use_pep517": null,
  "use_system_time": false
}
